
Microsoft Visual Studio Solution File, Format Version 12.00
# Visual Studio Version 17
VisualStudioVersion = 17.6.33723.286
MinimumVisualStudioVersion = 10.0.40219.1
Project("{FAE04EC0-301F-11D3-BF4B-00C04F79EFBC}") = "EntityFramework", "EntityFramework.csproj", "{46E6F1EC-E5B6-4BBD-A4AC-BDF650C53D9F}"
EndProject
Global
	GlobalSection(SolutionConfigurationPlatforms) = preSolution
		Debug|Any CPU = Debug|Any CPU
		Release|Any CPU = Release|Any CPU
	EndGlobalSection
	GlobalSection(ProjectConfigurationPlatforms) = postSolution
		{46E6F1EC-E5B6-4BBD-A4AC-BDF650C53D9F}.Debug|Any CPU.ActiveCfg = Debug|Any CPU
		{46E6F1EC-E5B6-4BBD-A4AC-BDF650C53D9F}.Debug|Any CPU.Build.0 = Debug|Any CPU
		{46E6F1EC-E5B6-4BBD-A4AC-BDF650C53D9F}.Release|Any CPU.ActiveCfg = Release|Any CPU
		{46E6F1EC-E5B6-4BBD-A4AC-BDF650C53D9F}.Release|Any CPU.Build.0 = Release|Any CPU
	EndGlobalSection
	GlobalSection(SolutionProperties) = preSolution
		HideSolutionNode = FALSE
	EndGlobalSection
	GlobalSection(ExtensibilityGlobals) = postSolution
		SolutionGuid = {CDFD5EB1-08FA-432C-BF73-72FE20D027E0}
	EndGlobalSection
EndGlobal
